// !$*UTF8*$!
{
	archiveVersion = 1;
	classes = {
	};
	objectVersion = 50;
	objects = {

/* Begin PBXBuildFile section */
		013273FF217F0E86008411EC /* NotificationsName.swift in Sources */ = {isa = PBXBuildFile; fileRef = 013273FE217F0E86008411EC /* NotificationsName.swift */; };
		013BD2692119BC8600554086 /* AppDelegate.swift in Sources */ = {isa = PBXBuildFile; fileRef = 013BD2682119BC8600554086 /* AppDelegate.swift */; };
		013BD26B2119BC8600554086 /* IndexTableViewController.swift in Sources */ = {isa = PBXBuildFile; fileRef = 013BD26A2119BC8600554086 /* IndexTableViewController.swift */; };
		013BD26E2119BC8600554086 /* Main.storyboard in Resources */ = {isa = PBXBuildFile; fileRef = 013BD26C2119BC8600554086 /* Main.storyboard */; };
		013BD2702119BC8700554086 /* Assets.xcassets in Resources */ = {isa = PBXBuildFile; fileRef = 013BD26F2119BC8700554086 /* Assets.xcassets */; };
		013BD2732119BC8700554086 /* LaunchScreen.storyboard in Resources */ = {isa = PBXBuildFile; fileRef = 013BD2712119BC8700554086 /* LaunchScreen.storyboard */; };
		013BD27E2119BC8700554086 /* KatechismusKatolickeCirkveTests.swift in Sources */ = {isa = PBXBuildFile; fileRef = 013BD27D2119BC8700554086 /* KatechismusKatolickeCirkveTests.swift */; };
		013BD2892119BCD200554086 /* CatechismTableViewCell.swift in Sources */ = {isa = PBXBuildFile; fileRef = 013BD2882119BCD200554086 /* CatechismTableViewCell.swift */; };
		013BD28B2119BD3A00554086 /* CatechismTableViewController.swift in Sources */ = {isa = PBXBuildFile; fileRef = 013BD28A2119BD3A00554086 /* CatechismTableViewController.swift */; };
		0140F1DD211B8F950021058A /* ChaptersTableViewController.swift in Sources */ = {isa = PBXBuildFile; fileRef = 0140F1DC211B8F950021058A /* ChaptersTableViewController.swift */; };
		0140F1DF211B91B40021058A /* ChaptersStructure.swift in Sources */ = {isa = PBXBuildFile; fileRef = 0140F1DE211B91B40021058A /* ChaptersStructure.swift */; };
		0140F1E1211B91F50021058A /* ChaptersDataService.swift in Sources */ = {isa = PBXBuildFile; fileRef = 0140F1E0211B91F50021058A /* ChaptersDataService.swift */; };
		014BEE79212432C900B9E9D2 /* database.json in Resources */ = {isa = PBXBuildFile; fileRef = 014BEE78212432C900B9E9D2 /* database.json */; };
		014BEE7B212433B200B9E9D2 /* part.json in Resources */ = {isa = PBXBuildFile; fileRef = 014BEE7A212433B200B9E9D2 /* part.json */; };
		0152223821518A5E00CA5933 /* HtmlToStringExtension.swift in Sources */ = {isa = PBXBuildFile; fileRef = 0152223721518A5E00CA5933 /* HtmlToStringExtension.swift */; };
		015430FF211B21700029105A /* SearchForMenu.swift in Sources */ = {isa = PBXBuildFile; fileRef = 015430FE211B21700029105A /* SearchForMenu.swift */; };
		0161FBC2213FBF7200A4959A /* NumbersDetailTableViewController.swift in Sources */ = {isa = PBXBuildFile; fileRef = 0161FBC1213FBF7200A4959A /* NumbersDetailTableViewController.swift */; };
		0161FBC4213FBFA400A4959A /* NumbersDetailTableViewCell.swift in Sources */ = {isa = PBXBuildFile; fileRef = 0161FBC3213FBFA400A4959A /* NumbersDetailTableViewCell.swift */; };
		017F20F4211A2902006B448C /* CatechismMenu.swift in Sources */ = {isa = PBXBuildFile; fileRef = 017F20F3211A2902006B448C /* CatechismMenu.swift */; };
		017F20F9211A3A03006B448C /* AboutViewController.swift in Sources */ = {isa = PBXBuildFile; fileRef = 017F20F8211A3A03006B448C /* AboutViewController.swift */; };
		017F20FB211A3A15006B448C /* About.storyboard in Resources */ = {isa = PBXBuildFile; fileRef = 017F20FA211A3A15006B448C /* About.storyboard */; };
		017F20FD211A3A28006B448C /* Settings.storyboard in Resources */ = {isa = PBXBuildFile; fileRef = 017F20FC211A3A28006B448C /* Settings.storyboard */; };
		017F20FF211A3A43006B448C /* SettingsTableViewController.swift in Sources */ = {isa = PBXBuildFile; fileRef = 017F20FE211A3A43006B448C /* SettingsTableViewController.swift */; };
		017F2101211A3A52006B448C /* AboutProject.storyboard in Resources */ = {isa = PBXBuildFile; fileRef = 017F2100211A3A52006B448C /* AboutProject.storyboard */; };
		017F2103211A3A63006B448C /* AboutProjectViewController.swift in Sources */ = {isa = PBXBuildFile; fileRef = 017F2102211A3A63006B448C /* AboutProjectViewController.swift */; };
		017F2106211A3AD0006B448C /* CatechismDataService.swift in Sources */ = {isa = PBXBuildFile; fileRef = 017F2105211A3AD0006B448C /* CatechismDataService.swift */; };
		017F210B211A3B53006B448C /* CatechismStructure.swift in Sources */ = {isa = PBXBuildFile; fileRef = 017F210A211A3B53006B448C /* CatechismStructure.swift */; };
		017F210E211A3C32006B448C /* catechism.json in Resources */ = {isa = PBXBuildFile; fileRef = 017F210D211A3C32006B448C /* catechism.json */; };
		018E43A5211D8C1F00E0237B /* SectionsTableViewCell.swift in Sources */ = {isa = PBXBuildFile; fileRef = 018E43A4211D8C1F00E0237B /* SectionsTableViewCell.swift */; };
		018E43A7211D8C3700E0237B /* SectionsTableViewController.swift in Sources */ = {isa = PBXBuildFile; fileRef = 018E43A6211D8C3700E0237B /* SectionsTableViewController.swift */; };
		019048FB211C25B500C17A95 /* ChaptersTableViewCell.swift in Sources */ = {isa = PBXBuildFile; fileRef = 019048FA211C25B500C17A95 /* ChaptersTableViewCell.swift */; };
		019048FD211C2A0E00C17A95 /* Chapter.swift in Sources */ = {isa = PBXBuildFile; fileRef = 019048FC211C2A0E00C17A95 /* Chapter.swift */; };
		019462102122208A0056EC7B /* ParagraphTableViewCell.swift in Sources */ = {isa = PBXBuildFile; fileRef = 0194620F2122208A0056EC7B /* ParagraphTableViewCell.swift */; };
		01946212212220A20056EC7B /* ParagraphTableViewController.swift in Sources */ = {isa = PBXBuildFile; fileRef = 01946211212220A20056EC7B /* ParagraphTableViewController.swift */; };
		019C1A31212357F4005EFB7F /* Paragraph.swift in Sources */ = {isa = PBXBuildFile; fileRef = 019C1A30212357F4005EFB7F /* Paragraph.swift */; };
		019C1A3321235863005EFB7F /* ParagraphStructure.swift in Sources */ = {isa = PBXBuildFile; fileRef = 019C1A3221235863005EFB7F /* ParagraphStructure.swift */; };
		019C1A3521235890005EFB7F /* ParagraphDataService.swift in Sources */ = {isa = PBXBuildFile; fileRef = 019C1A3421235890005EFB7F /* ParagraphDataService.swift */; };
		019E7B00216784AB00FE51EC /* CatechismColors.swift in Sources */ = {isa = PBXBuildFile; fileRef = 019E7AFF216784AB00FE51EC /* CatechismColors.swift */; };
		01A8CF0A21777A660023FC74 /* UIFontCatechism.swift in Sources */ = {isa = PBXBuildFile; fileRef = 01A8CF0921777A660023FC74 /* UIFontCatechism.swift */; };
		01B59D8D2187A4470052AD96 /* FindNumberViewController.swift in Sources */ = {isa = PBXBuildFile; fileRef = 01B59D8C2187A4470052AD96 /* FindNumberViewController.swift */; };
		01B7520321874189007081D1 /* Constants.swift in Sources */ = {isa = PBXBuildFile; fileRef = 01B7520221874189007081D1 /* Constants.swift */; };
		01DF46DD211C7052006442CD /* NumbersTableViewController.swift in Sources */ = {isa = PBXBuildFile; fileRef = 01DF46DC211C7052006442CD /* NumbersTableViewController.swift */; };
		01DF46DF211C706F006442CD /* NumbersTableViewCell.swift in Sources */ = {isa = PBXBuildFile; fileRef = 01DF46DE211C706F006442CD /* NumbersTableViewCell.swift */; };
		01E864F32149BAC300566660 /* FindWordViewController.swift in Sources */ = {isa = PBXBuildFile; fileRef = 01E864F22149BAC300566660 /* FindWordViewController.swift */; };
		4B29D3152186797C0082EFEA /* BaseViewController.swift in Sources */ = {isa = PBXBuildFile; fileRef = 4B29D3142186797C0082EFEA /* BaseViewController.swift */; };
		4B29D317218679980082EFEA /* BaseTableViewController.swift in Sources */ = {isa = PBXBuildFile; fileRef = 4B29D316218679980082EFEA /* BaseTableViewController.swift */; };
		771078843AD2C06DB2F80215 /* Pods_KatechismusKatolickeCirkve.framework in Frameworks */ = {isa = PBXBuildFile; fileRef = D79BC4257EE7163E3E7071EA /* Pods_KatechismusKatolickeCirkve.framework */; };
/* End PBXBuildFile section */

/* Begin PBXContainerItemProxy section */
		013BD27A2119BC8700554086 /* PBXContainerItemProxy */ = {
			isa = PBXContainerItemProxy;
			containerPortal = 013BD25D2119BC8600554086 /* Project object */;
			proxyType = 1;
			remoteGlobalIDString = 013BD2642119BC8600554086;
			remoteInfo = KatechismusKatolickeCirkve;
		};
/* End PBXContainerItemProxy section */

/* Begin PBXFileReference section */
		013273FE217F0E86008411EC /* NotificationsName.swift */ = {isa = PBXFileReference; lastKnownFileType = sourcecode.swift; path = NotificationsName.swift; sourceTree = "<group>"; };
		013BD2652119BC8600554086 /* KatechismusKatolickeCirkve.app */ = {isa = PBXFileReference; explicitFileType = wrapper.application; includeInIndex = 0; path = KatechismusKatolickeCirkve.app; sourceTree = BUILT_PRODUCTS_DIR; };
		013BD2682119BC8600554086 /* AppDelegate.swift */ = {isa = PBXFileReference; lastKnownFileType = sourcecode.swift; path = AppDelegate.swift; sourceTree = "<group>"; };
		013BD26A2119BC8600554086 /* IndexTableViewController.swift */ = {isa = PBXFileReference; lastKnownFileType = sourcecode.swift; path = IndexTableViewController.swift; sourceTree = "<group>"; };
		013BD26D2119BC8600554086 /* Base */ = {isa = PBXFileReference; lastKnownFileType = file.storyboard; name = Base; path = Base.lproj/Main.storyboard; sourceTree = "<group>"; };
		013BD26F2119BC8700554086 /* Assets.xcassets */ = {isa = PBXFileReference; lastKnownFileType = folder.assetcatalog; path = Assets.xcassets; sourceTree = "<group>"; };
		013BD2722119BC8700554086 /* Base */ = {isa = PBXFileReference; lastKnownFileType = file.storyboard; name = Base; path = Base.lproj/LaunchScreen.storyboard; sourceTree = "<group>"; };
		013BD2742119BC8700554086 /* Info.plist */ = {isa = PBXFileReference; lastKnownFileType = text.plist.xml; path = Info.plist; sourceTree = "<group>"; };
		013BD2792119BC8700554086 /* KatechismusKatolickeCirkveTests.xctest */ = {isa = PBXFileReference; explicitFileType = wrapper.cfbundle; includeInIndex = 0; path = KatechismusKatolickeCirkveTests.xctest; sourceTree = BUILT_PRODUCTS_DIR; };
		013BD27D2119BC8700554086 /* KatechismusKatolickeCirkveTests.swift */ = {isa = PBXFileReference; lastKnownFileType = sourcecode.swift; path = KatechismusKatolickeCirkveTests.swift; sourceTree = "<group>"; };
		013BD27F2119BC8700554086 /* Info.plist */ = {isa = PBXFileReference; lastKnownFileType = text.plist.xml; path = Info.plist; sourceTree = "<group>"; };
		013BD2882119BCD200554086 /* CatechismTableViewCell.swift */ = {isa = PBXFileReference; lastKnownFileType = sourcecode.swift; path = CatechismTableViewCell.swift; sourceTree = "<group>"; };
		013BD28A2119BD3A00554086 /* CatechismTableViewController.swift */ = {isa = PBXFileReference; lastKnownFileType = sourcecode.swift; path = CatechismTableViewController.swift; sourceTree = "<group>"; };
		0140F1DC211B8F950021058A /* ChaptersTableViewController.swift */ = {isa = PBXFileReference; lastKnownFileType = sourcecode.swift; path = ChaptersTableViewController.swift; sourceTree = "<group>"; };
		0140F1DE211B91B40021058A /* ChaptersStructure.swift */ = {isa = PBXFileReference; lastKnownFileType = sourcecode.swift; path = ChaptersStructure.swift; sourceTree = "<group>"; };
		0140F1E0211B91F50021058A /* ChaptersDataService.swift */ = {isa = PBXFileReference; lastKnownFileType = sourcecode.swift; path = ChaptersDataService.swift; sourceTree = "<group>"; };
		014BEE78212432C900B9E9D2 /* database.json */ = {isa = PBXFileReference; lastKnownFileType = text.json; path = database.json; sourceTree = "<group>"; };
		014BEE7A212433B200B9E9D2 /* part.json */ = {isa = PBXFileReference; lastKnownFileType = text.json; path = part.json; sourceTree = "<group>"; };
		0152223721518A5E00CA5933 /* HtmlToStringExtension.swift */ = {isa = PBXFileReference; lastKnownFileType = sourcecode.swift; path = HtmlToStringExtension.swift; sourceTree = "<group>"; };
		015430FE211B21700029105A /* SearchForMenu.swift */ = {isa = PBXFileReference; lastKnownFileType = sourcecode.swift; path = SearchForMenu.swift; sourceTree = "<group>"; };
		0161FBC1213FBF7200A4959A /* NumbersDetailTableViewController.swift */ = {isa = PBXFileReference; lastKnownFileType = sourcecode.swift; path = NumbersDetailTableViewController.swift; sourceTree = "<group>"; };
		0161FBC3213FBFA400A4959A /* NumbersDetailTableViewCell.swift */ = {isa = PBXFileReference; lastKnownFileType = sourcecode.swift; path = NumbersDetailTableViewCell.swift; sourceTree = "<group>"; };
		017F20F3211A2902006B448C /* CatechismMenu.swift */ = {isa = PBXFileReference; lastKnownFileType = sourcecode.swift; path = CatechismMenu.swift; sourceTree = "<group>"; };
		017F20F8211A3A03006B448C /* AboutViewController.swift */ = {isa = PBXFileReference; lastKnownFileType = sourcecode.swift; path = AboutViewController.swift; sourceTree = "<group>"; };
		017F20FA211A3A15006B448C /* About.storyboard */ = {isa = PBXFileReference; lastKnownFileType = file.storyboard; path = About.storyboard; sourceTree = "<group>"; };
		017F20FC211A3A28006B448C /* Settings.storyboard */ = {isa = PBXFileReference; lastKnownFileType = file.storyboard; path = Settings.storyboard; sourceTree = "<group>"; };
		017F20FE211A3A43006B448C /* SettingsTableViewController.swift */ = {isa = PBXFileReference; lastKnownFileType = sourcecode.swift; path = SettingsTableViewController.swift; sourceTree = "<group>"; };
		017F2100211A3A52006B448C /* AboutProject.storyboard */ = {isa = PBXFileReference; lastKnownFileType = file.storyboard; path = AboutProject.storyboard; sourceTree = "<group>"; };
		017F2102211A3A63006B448C /* AboutProjectViewController.swift */ = {isa = PBXFileReference; lastKnownFileType = sourcecode.swift; path = AboutProjectViewController.swift; sourceTree = "<group>"; };
		017F2105211A3AD0006B448C /* CatechismDataService.swift */ = {isa = PBXFileReference; lastKnownFileType = sourcecode.swift; path = CatechismDataService.swift; sourceTree = "<group>"; };
		017F210A211A3B53006B448C /* CatechismStructure.swift */ = {isa = PBXFileReference; lastKnownFileType = sourcecode.swift; path = CatechismStructure.swift; sourceTree = "<group>"; };
		017F210D211A3C32006B448C /* catechism.json */ = {isa = PBXFileReference; lastKnownFileType = text.json; path = catechism.json; sourceTree = "<group>"; };
		018E43A4211D8C1F00E0237B /* SectionsTableViewCell.swift */ = {isa = PBXFileReference; lastKnownFileType = sourcecode.swift; path = SectionsTableViewCell.swift; sourceTree = "<group>"; };
		018E43A6211D8C3700E0237B /* SectionsTableViewController.swift */ = {isa = PBXFileReference; lastKnownFileType = sourcecode.swift; path = SectionsTableViewController.swift; sourceTree = "<group>"; };
		019048FA211C25B500C17A95 /* ChaptersTableViewCell.swift */ = {isa = PBXFileReference; lastKnownFileType = sourcecode.swift; path = ChaptersTableViewCell.swift; sourceTree = "<group>"; };
		019048FC211C2A0E00C17A95 /* Chapter.swift */ = {isa = PBXFileReference; lastKnownFileType = sourcecode.swift; path = Chapter.swift; sourceTree = "<group>"; };
		0194620F2122208A0056EC7B /* ParagraphTableViewCell.swift */ = {isa = PBXFileReference; lastKnownFileType = sourcecode.swift; path = ParagraphTableViewCell.swift; sourceTree = "<group>"; };
		01946211212220A20056EC7B /* ParagraphTableViewController.swift */ = {isa = PBXFileReference; lastKnownFileType = sourcecode.swift; path = ParagraphTableViewController.swift; sourceTree = "<group>"; };
		019C1A30212357F4005EFB7F /* Paragraph.swift */ = {isa = PBXFileReference; lastKnownFileType = sourcecode.swift; path = Paragraph.swift; sourceTree = "<group>"; };
		019C1A3221235863005EFB7F /* ParagraphStructure.swift */ = {isa = PBXFileReference; lastKnownFileType = sourcecode.swift; path = ParagraphStructure.swift; sourceTree = "<group>"; };
		019C1A3421235890005EFB7F /* ParagraphDataService.swift */ = {isa = PBXFileReference; lastKnownFileType = sourcecode.swift; path = ParagraphDataService.swift; sourceTree = "<group>"; };
		019E7AFF216784AB00FE51EC /* CatechismColors.swift */ = {isa = PBXFileReference; lastKnownFileType = sourcecode.swift; path = CatechismColors.swift; sourceTree = "<group>"; };
		01A8CF0921777A660023FC74 /* UIFontCatechism.swift */ = {isa = PBXFileReference; lastKnownFileType = sourcecode.swift; path = UIFontCatechism.swift; sourceTree = "<group>"; };
		01B59D8C2187A4470052AD96 /* FindNumberViewController.swift */ = {isa = PBXFileReference; lastKnownFileType = sourcecode.swift; path = FindNumberViewController.swift; sourceTree = "<group>"; };
		01B7520221874189007081D1 /* Constants.swift */ = {isa = PBXFileReference; lastKnownFileType = sourcecode.swift; path = Constants.swift; sourceTree = "<group>"; };
		01DF46DC211C7052006442CD /* NumbersTableViewController.swift */ = {isa = PBXFileReference; lastKnownFileType = sourcecode.swift; path = NumbersTableViewController.swift; sourceTree = "<group>"; };
		01DF46DE211C706F006442CD /* NumbersTableViewCell.swift */ = {isa = PBXFileReference; lastKnownFileType = sourcecode.swift; path = NumbersTableViewCell.swift; sourceTree = "<group>"; };
		01E864F22149BAC300566660 /* FindWordViewController.swift */ = {isa = PBXFileReference; lastKnownFileType = sourcecode.swift; path = FindWordViewController.swift; sourceTree = "<group>"; };
		4B29D3142186797C0082EFEA /* BaseViewController.swift */ = {isa = PBXFileReference; lastKnownFileType = sourcecode.swift; path = BaseViewController.swift; sourceTree = "<group>"; };
		4B29D316218679980082EFEA /* BaseTableViewController.swift */ = {isa = PBXFileReference; lastKnownFileType = sourcecode.swift; path = BaseTableViewController.swift; sourceTree = "<group>"; };
		D79BC4257EE7163E3E7071EA /* Pods_KatechismusKatolickeCirkve.framework */ = {isa = PBXFileReference; explicitFileType = wrapper.framework; includeInIndex = 0; path = Pods_KatechismusKatolickeCirkve.framework; sourceTree = BUILT_PRODUCTS_DIR; };
		ECCF67792DA5DF6D22A47050 /* Pods-KatechismusKatolickeCirkve.debug.xcconfig */ = {isa = PBXFileReference; includeInIndex = 1; lastKnownFileType = text.xcconfig; name = "Pods-KatechismusKatolickeCirkve.debug.xcconfig"; path = "Pods/Target Support Files/Pods-KatechismusKatolickeCirkve/Pods-KatechismusKatolickeCirkve.debug.xcconfig"; sourceTree = "<group>"; };
		F84647BA4C8225E88A61E912 /* Pods-KatechismusKatolickeCirkve.release.xcconfig */ = {isa = PBXFileReference; includeInIndex = 1; lastKnownFileType = text.xcconfig; name = "Pods-KatechismusKatolickeCirkve.release.xcconfig"; path = "Pods/Target Support Files/Pods-KatechismusKatolickeCirkve/Pods-KatechismusKatolickeCirkve.release.xcconfig"; sourceTree = "<group>"; };
/* End PBXFileReference section */

/* Begin PBXFrameworksBuildPhase section */
		013BD2622119BC8600554086 /* Frameworks */ = {
			isa = PBXFrameworksBuildPhase;
			buildActionMask = 2147483647;
			files = (
				771078843AD2C06DB2F80215 /* Pods_KatechismusKatolickeCirkve.framework in Frameworks */,
			);
			runOnlyForDeploymentPostprocessing = 0;
		};
		013BD2762119BC8700554086 /* Frameworks */ = {
			isa = PBXFrameworksBuildPhase;
			buildActionMask = 2147483647;
			files = (
			);
			runOnlyForDeploymentPostprocessing = 0;
		};
/* End PBXFrameworksBuildPhase section */

/* Begin PBXGroup section */
		013BD25C2119BC8600554086 = {
			isa = PBXGroup;
			children = (
				013BD2672119BC8600554086 /* KatechismusKatolickeCirkve */,
				013BD27C2119BC8700554086 /* KatechismusKatolickeCirkveTests */,
				013BD2662119BC8600554086 /* Products */,
				0FD3D968F8588F243FC81564 /* Pods */,
				5931327C52821BC78130497B /* Frameworks */,
			);
			sourceTree = "<group>";
		};
		013BD2662119BC8600554086 /* Products */ = {
			isa = PBXGroup;
			children = (
				013BD2652119BC8600554086 /* KatechismusKatolickeCirkve.app */,
				013BD2792119BC8700554086 /* KatechismusKatolickeCirkveTests.xctest */,
			);
			name = Products;
			sourceTree = "<group>";
		};
		013BD2672119BC8600554086 /* KatechismusKatolickeCirkve */ = {
			isa = PBXGroup;
			children = (
				0152223621518A3400CA5933 /* Utilities */,
				017F210C211A3BC6006B448C /* Supporting Files */,
				017F2107211A3B09006B448C /* Model */,
				017F2104211A3A91006B448C /* Services */,
				017F20F7211A39E0006B448C /* Controllers */,
				013BD2682119BC8600554086 /* AppDelegate.swift */,
				013BD26C2119BC8600554086 /* Main.storyboard */,
				013BD28A2119BD3A00554086 /* CatechismTableViewController.swift */,
				013BD2882119BCD200554086 /* CatechismTableViewCell.swift */,
				013BD26F2119BC8700554086 /* Assets.xcassets */,
				013BD2712119BC8700554086 /* LaunchScreen.storyboard */,
				013BD2742119BC8700554086 /* Info.plist */,
				017F20F3211A2902006B448C /* CatechismMenu.swift */,
				015430FE211B21700029105A /* SearchForMenu.swift */,
			);
			path = KatechismusKatolickeCirkve;
			sourceTree = "<group>";
		};
		013BD27C2119BC8700554086 /* KatechismusKatolickeCirkveTests */ = {
			isa = PBXGroup;
			children = (
				013BD27D2119BC8700554086 /* KatechismusKatolickeCirkveTests.swift */,
				013BD27F2119BC8700554086 /* Info.plist */,
			);
			path = KatechismusKatolickeCirkveTests;
			sourceTree = "<group>";
		};
		0152223621518A3400CA5933 /* Utilities */ = {
			isa = PBXGroup;
			children = (
				0152223721518A5E00CA5933 /* HtmlToStringExtension.swift */,
				019E7AFF216784AB00FE51EC /* CatechismColors.swift */,
				01A8CF0921777A660023FC74 /* UIFontCatechism.swift */,
				013273FE217F0E86008411EC /* NotificationsName.swift */,
				01B7520221874189007081D1 /* Constants.swift */,
			);
			path = Utilities;
			sourceTree = "<group>";
		};
		017F20F7211A39E0006B448C /* Controllers */ = {
			isa = PBXGroup;
			children = (
				4B29D3132186796E0082EFEA /* Base */,
				017F20FA211A3A15006B448C /* About.storyboard */,
				017F20F8211A3A03006B448C /* AboutViewController.swift */,
				017F2100211A3A52006B448C /* AboutProject.storyboard */,
				017F2102211A3A63006B448C /* AboutProjectViewController.swift */,
				01E864F22149BAC300566660 /* FindWordViewController.swift */,
				01B59D8C2187A4470052AD96 /* FindNumberViewController.swift */,
				013BD26A2119BC8600554086 /* IndexTableViewController.swift */,
				0140F1DC211B8F950021058A /* ChaptersTableViewController.swift */,
				019048FA211C25B500C17A95 /* ChaptersTableViewCell.swift */,
				01DF46DC211C7052006442CD /* NumbersTableViewController.swift */,
				01DF46DE211C706F006442CD /* NumbersTableViewCell.swift */,
				0161FBC1213FBF7200A4959A /* NumbersDetailTableViewController.swift */,
				0161FBC3213FBFA400A4959A /* NumbersDetailTableViewCell.swift */,
				0194620F2122208A0056EC7B /* ParagraphTableViewCell.swift */,
				01946211212220A20056EC7B /* ParagraphTableViewController.swift */,
				018E43A4211D8C1F00E0237B /* SectionsTableViewCell.swift */,
				018E43A6211D8C3700E0237B /* SectionsTableViewController.swift */,
				017F20FC211A3A28006B448C /* Settings.storyboard */,
				017F20FE211A3A43006B448C /* SettingsTableViewController.swift */,
			);
			path = Controllers;
			sourceTree = "<group>";
		};
		017F2104211A3A91006B448C /* Services */ = {
			isa = PBXGroup;
			children = (
				017F2105211A3AD0006B448C /* CatechismDataService.swift */,
				0140F1E0211B91F50021058A /* ChaptersDataService.swift */,
				019C1A3421235890005EFB7F /* ParagraphDataService.swift */,
			);
			path = Services;
			sourceTree = "<group>";
		};
		017F2107211A3B09006B448C /* Model */ = {
			isa = PBXGroup;
			children = (
				017F210A211A3B53006B448C /* CatechismStructure.swift */,
				0140F1DE211B91B40021058A /* ChaptersStructure.swift */,
				019048FC211C2A0E00C17A95 /* Chapter.swift */,
				019C1A30212357F4005EFB7F /* Paragraph.swift */,
				019C1A3221235863005EFB7F /* ParagraphStructure.swift */,
			);
			path = Model;
			sourceTree = "<group>";
		};
		017F210C211A3BC6006B448C /* Supporting Files */ = {
			isa = PBXGroup;
			children = (
				014BEE7A212433B200B9E9D2 /* part.json */,
				014BEE78212432C900B9E9D2 /* database.json */,
				017F210D211A3C32006B448C /* catechism.json */,
			);
			path = "Supporting Files";
			sourceTree = "<group>";
		};
		0FD3D968F8588F243FC81564 /* Pods */ = {
			isa = PBXGroup;
			children = (
				ECCF67792DA5DF6D22A47050 /* Pods-KatechismusKatolickeCirkve.debug.xcconfig */,
				F84647BA4C8225E88A61E912 /* Pods-KatechismusKatolickeCirkve.release.xcconfig */,
			);
			name = Pods;
			sourceTree = "<group>";
		};
		4B29D3132186796E0082EFEA /* Base */ = {
			isa = PBXGroup;
			children = (
				4B29D3142186797C0082EFEA /* BaseViewController.swift */,
				4B29D316218679980082EFEA /* BaseTableViewController.swift */,
			);
			path = Base;
			sourceTree = "<group>";
		};
		5931327C52821BC78130497B /* Frameworks */ = {
			isa = PBXGroup;
			children = (
				D79BC4257EE7163E3E7071EA /* Pods_KatechismusKatolickeCirkve.framework */,
			);
			name = Frameworks;
			sourceTree = "<group>";
		};
/* End PBXGroup section */

/* Begin PBXNativeTarget section */
		013BD2642119BC8600554086 /* KatechismusKatolickeCirkve */ = {
			isa = PBXNativeTarget;
			buildConfigurationList = 013BD2822119BC8700554086 /* Build configuration list for PBXNativeTarget "KatechismusKatolickeCirkve" */;
			buildPhases = (
				463B90BFE4F1508E06276CC8 /* [CP] Check Pods Manifest.lock */,
				013BD2612119BC8600554086 /* Sources */,
				013BD2622119BC8600554086 /* Frameworks */,
				013BD2632119BC8600554086 /* Resources */,
				FC2C5AC099E0E46681B465C6 /* [CP] Embed Pods Frameworks */,
				01B7520521874728007081D1 /* ShellScript */,
			);
			buildRules = (
			);
			dependencies = (
			);
			name = KatechismusKatolickeCirkve;
			productName = KatechismusKatolickeCirkve;
			productReference = 013BD2652119BC8600554086 /* KatechismusKatolickeCirkve.app */;
			productType = "com.apple.product-type.application";
		};
		013BD2782119BC8700554086 /* KatechismusKatolickeCirkveTests */ = {
			isa = PBXNativeTarget;
			buildConfigurationList = 013BD2852119BC8700554086 /* Build configuration list for PBXNativeTarget "KatechismusKatolickeCirkveTests" */;
			buildPhases = (
				013BD2752119BC8700554086 /* Sources */,
				013BD2762119BC8700554086 /* Frameworks */,
				013BD2772119BC8700554086 /* Resources */,
			);
			buildRules = (
			);
			dependencies = (
				013BD27B2119BC8700554086 /* PBXTargetDependency */,
			);
			name = KatechismusKatolickeCirkveTests;
			productName = KatechismusKatolickeCirkveTests;
			productReference = 013BD2792119BC8700554086 /* KatechismusKatolickeCirkveTests.xctest */;
			productType = "com.apple.product-type.bundle.unit-test";
		};
/* End PBXNativeTarget section */

/* Begin PBXProject section */
		013BD25D2119BC8600554086 /* Project object */ = {
			isa = PBXProject;
			attributes = {
				LastSwiftUpdateCheck = 0940;
				LastUpgradeCheck = 0940;
				ORGANIZATIONNAME = "Petr Hracek";
				TargetAttributes = {
					013BD2642119BC8600554086 = {
						CreatedOnToolsVersion = 9.4.1;
					};
					013BD2782119BC8700554086 = {
						CreatedOnToolsVersion = 9.4.1;
						TestTargetID = 013BD2642119BC8600554086;
					};
				};
			};
			buildConfigurationList = 013BD2602119BC8600554086 /* Build configuration list for PBXProject "KatechismusKatolickeCirkve" */;
			compatibilityVersion = "Xcode 9.3";
			developmentRegion = en;
			hasScannedForEncodings = 0;
			knownRegions = (
				en,
				Base,
			);
			mainGroup = 013BD25C2119BC8600554086;
			productRefGroup = 013BD2662119BC8600554086 /* Products */;
			projectDirPath = "";
			projectRoot = "";
			targets = (
				013BD2642119BC8600554086 /* KatechismusKatolickeCirkve */,
				013BD2782119BC8700554086 /* KatechismusKatolickeCirkveTests */,
			);
		};
/* End PBXProject section */

/* Begin PBXResourcesBuildPhase section */
		013BD2632119BC8600554086 /* Resources */ = {
			isa = PBXResourcesBuildPhase;
			buildActionMask = 2147483647;
			files = (
				014BEE7B212433B200B9E9D2 /* part.json in Resources */,
				017F2101211A3A52006B448C /* AboutProject.storyboard in Resources */,
				013BD2732119BC8700554086 /* LaunchScreen.storyboard in Resources */,
				013BD2702119BC8700554086 /* Assets.xcassets in Resources */,
				017F210E211A3C32006B448C /* catechism.json in Resources */,
				014BEE79212432C900B9E9D2 /* database.json in Resources */,
				017F20FB211A3A15006B448C /* About.storyboard in Resources */,
				013BD26E2119BC8600554086 /* Main.storyboard in Resources */,
				017F20FD211A3A28006B448C /* Settings.storyboard in Resources */,
			);
			runOnlyForDeploymentPostprocessing = 0;
		};
		013BD2772119BC8700554086 /* Resources */ = {
			isa = PBXResourcesBuildPhase;
			buildActionMask = 2147483647;
			files = (
			);
			runOnlyForDeploymentPostprocessing = 0;
		};
/* End PBXResourcesBuildPhase section */

/* Begin PBXShellScriptBuildPhase section */
		01B7520521874728007081D1 /* ShellScript */ = {
			isa = PBXShellScriptBuildPhase;
			buildActionMask = 2147483647;
			files = (
			);
			inputFileListPaths = (
			);
			inputPaths = (
			);
			outputFileListPaths = (
			);
			outputPaths = (
			);
			runOnlyForDeploymentPostprocessing = 0;
			shellPath = /bin/sh;
			shellScript = "./Fabric.framework/run 618ac37da9d685bd43e9a9ae9555c763b2f073d4 531a1c751e9d1ed63e253f06021f47afc0fab5d6ec4ad0dbce4618ff6fee2406\n";
		};
		463B90BFE4F1508E06276CC8 /* [CP] Check Pods Manifest.lock */ = {
			isa = PBXShellScriptBuildPhase;
			buildActionMask = 2147483647;
			files = (
			);
			inputFileListPaths = (
			);
			inputPaths = (
				"${PODS_PODFILE_DIR_PATH}/Podfile.lock",
				"${PODS_ROOT}/Manifest.lock",
			);
			name = "[CP] Check Pods Manifest.lock";
			outputFileListPaths = (
			);
			outputPaths = (
				"$(DERIVED_FILE_DIR)/Pods-KatechismusKatolickeCirkve-checkManifestLockResult.txt",
			);
			runOnlyForDeploymentPostprocessing = 0;
			shellPath = /bin/sh;
			shellScript = "diff \"${PODS_PODFILE_DIR_PATH}/Podfile.lock\" \"${PODS_ROOT}/Manifest.lock\" > /dev/null\nif [ $? != 0 ] ; then\n    # print error to STDERR\n    echo \"error: The sandbox is not in sync with the Podfile.lock. Run 'pod install' or update your CocoaPods installation.\" >&2\n    exit 1\nfi\n# This output is used by Xcode 'outputs' to avoid re-running this script phase.\necho \"SUCCESS\" > \"${SCRIPT_OUTPUT_FILE_0}\"\n";
			showEnvVarsInLog = 0;
		};
		FC2C5AC099E0E46681B465C6 /* [CP] Embed Pods Frameworks */ = {
			isa = PBXShellScriptBuildPhase;
			buildActionMask = 2147483647;
			files = (
			);
			inputFileListPaths = (
			);
			inputPaths = (
				"${SRCROOT}/Pods/Target Support Files/Pods-KatechismusKatolickeCirkve/Pods-KatechismusKatolickeCirkve-frameworks.sh",
				"${BUILT_PRODUCTS_DIR}/BonMot/BonMot.framework",
				"${BUILT_PRODUCTS_DIR}/TTTAttributedLabel/TTTAttributedLabel.framework",
			);
			name = "[CP] Embed Pods Frameworks";
			outputFileListPaths = (
			);
			outputPaths = (
				"${TARGET_BUILD_DIR}/${FRAMEWORKS_FOLDER_PATH}/BonMot.framework",
				"${TARGET_BUILD_DIR}/${FRAMEWORKS_FOLDER_PATH}/TTTAttributedLabel.framework",
			);
			runOnlyForDeploymentPostprocessing = 0;
			shellPath = /bin/sh;
			shellScript = "\"${SRCROOT}/Pods/Target Support Files/Pods-KatechismusKatolickeCirkve/Pods-KatechismusKatolickeCirkve-frameworks.sh\"\n";
			showEnvVarsInLog = 0;
		};
/* End PBXShellScriptBuildPhase section */

/* Begin PBXSourcesBuildPhase section */
		013BD2612119BC8600554086 /* Sources */ = {
			isa = PBXSourcesBuildPhase;
			buildActionMask = 2147483647;
			files = (
				019462102122208A0056EC7B /* ParagraphTableViewCell.swift in Sources */,
				0140F1DF211B91B40021058A /* ChaptersStructure.swift in Sources */,
				01B59D8D2187A4470052AD96 /* FindNumberViewController.swift in Sources */,
				4B29D3152186797C0082EFEA /* BaseViewController.swift in Sources */,
				019C1A3321235863005EFB7F /* ParagraphStructure.swift in Sources */,
				4B29D317218679980082EFEA /* BaseTableViewController.swift in Sources */,
				017F2106211A3AD0006B448C /* CatechismDataService.swift in Sources */,
				0140F1DD211B8F950021058A /* ChaptersTableViewController.swift in Sources */,
				019048FD211C2A0E00C17A95 /* Chapter.swift in Sources */,
				01DF46DF211C706F006442CD /* NumbersTableViewCell.swift in Sources */,
				017F210B211A3B53006B448C /* CatechismStructure.swift in Sources */,
				019C1A3521235890005EFB7F /* ParagraphDataService.swift in Sources */,
				017F20F9211A3A03006B448C /* AboutViewController.swift in Sources */,
				013273FF217F0E86008411EC /* NotificationsName.swift in Sources */,
				0152223821518A5E00CA5933 /* HtmlToStringExtension.swift in Sources */,
				013BD26B2119BC8600554086 /* IndexTableViewController.swift in Sources */,
				017F20FF211A3A43006B448C /* SettingsTableViewController.swift in Sources */,
				017F20F4211A2902006B448C /* CatechismMenu.swift in Sources */,
				01A8CF0A21777A660023FC74 /* UIFontCatechism.swift in Sources */,
				01E864F32149BAC300566660 /* FindWordViewController.swift in Sources */,
				013BD28B2119BD3A00554086 /* CatechismTableViewController.swift in Sources */,
				0140F1E1211B91F50021058A /* ChaptersDataService.swift in Sources */,
				0161FBC2213FBF7200A4959A /* NumbersDetailTableViewController.swift in Sources */,
				01DF46DD211C7052006442CD /* NumbersTableViewController.swift in Sources */,
				013BD2892119BCD200554086 /* CatechismTableViewCell.swift in Sources */,
				018E43A7211D8C3700E0237B /* SectionsTableViewController.swift in Sources */,
				01B7520321874189007081D1 /* Constants.swift in Sources */,
				01946212212220A20056EC7B /* ParagraphTableViewController.swift in Sources */,
				019048FB211C25B500C17A95 /* ChaptersTableViewCell.swift in Sources */,
				013BD2692119BC8600554086 /* AppDelegate.swift in Sources */,
				015430FF211B21700029105A /* SearchForMenu.swift in Sources */,
				019C1A31212357F4005EFB7F /* Paragraph.swift in Sources */,
				019E7B00216784AB00FE51EC /* CatechismColors.swift in Sources */,
				0161FBC4213FBFA400A4959A /* NumbersDetailTableViewCell.swift in Sources */,
				017F2103211A3A63006B448C /* AboutProjectViewController.swift in Sources */,
				018E43A5211D8C1F00E0237B /* SectionsTableViewCell.swift in Sources */,
			);
			runOnlyForDeploymentPostprocessing = 0;
		};
		013BD2752119BC8700554086 /* Sources */ = {
			isa = PBXSourcesBuildPhase;
			buildActionMask = 2147483647;
			files = (
				013BD27E2119BC8700554086 /* KatechismusKatolickeCirkveTests.swift in Sources */,
			);
			runOnlyForDeploymentPostprocessing = 0;
		};
/* End PBXSourcesBuildPhase section */

/* Begin PBXTargetDependency section */
		013BD27B2119BC8700554086 /* PBXTargetDependency */ = {
			isa = PBXTargetDependency;
			target = 013BD2642119BC8600554086 /* KatechismusKatolickeCirkve */;
			targetProxy = 013BD27A2119BC8700554086 /* PBXContainerItemProxy */;
		};
/* End PBXTargetDependency section */

/* Begin PBXVariantGroup section */
		013BD26C2119BC8600554086 /* Main.storyboard */ = {
			isa = PBXVariantGroup;
			children = (
				013BD26D2119BC8600554086 /* Base */,
			);
			name = Main.storyboard;
			sourceTree = "<group>";
		};
		013BD2712119BC8700554086 /* LaunchScreen.storyboard */ = {
			isa = PBXVariantGroup;
			children = (
				013BD2722119BC8700554086 /* Base */,
			);
			name = LaunchScreen.storyboard;
			sourceTree = "<group>";
		};
/* End PBXVariantGroup section */

/* Begin XCBuildConfiguration section */
		013BD2802119BC8700554086 /* Debug */ = {
			isa = XCBuildConfiguration;
			buildSettings = {
				ALWAYS_SEARCH_USER_PATHS = NO;
				CLANG_ANALYZER_NONNULL = YES;
				CLANG_ANALYZER_NUMBER_OBJECT_CONVERSION = YES_AGGRESSIVE;
				CLANG_CXX_LANGUAGE_STANDARD = "gnu++14";
				CLANG_CXX_LIBRARY = "libc++";
				CLANG_ENABLE_MODULES = YES;
				CLANG_ENABLE_OBJC_ARC = YES;
				CLANG_ENABLE_OBJC_WEAK = YES;
				CLANG_WARN_BLOCK_CAPTURE_AUTORELEASING = YES;
				CLANG_WARN_BOOL_CONVERSION = YES;
				CLANG_WARN_COMMA = YES;
				CLANG_WARN_CONSTANT_CONVERSION = YES;
				CLANG_WARN_DEPRECATED_OBJC_IMPLEMENTATIONS = YES;
				CLANG_WARN_DIRECT_OBJC_ISA_USAGE = YES_ERROR;
				CLANG_WARN_DOCUMENTATION_COMMENTS = YES;
				CLANG_WARN_EMPTY_BODY = YES;
				CLANG_WARN_ENUM_CONVERSION = YES;
				CLANG_WARN_INFINITE_RECURSION = YES;
				CLANG_WARN_INT_CONVERSION = YES;
				CLANG_WARN_NON_LITERAL_NULL_CONVERSION = YES;
				CLANG_WARN_OBJC_IMPLICIT_RETAIN_SELF = YES;
				CLANG_WARN_OBJC_LITERAL_CONVERSION = YES;
				CLANG_WARN_OBJC_ROOT_CLASS = YES_ERROR;
				CLANG_WARN_RANGE_LOOP_ANALYSIS = YES;
				CLANG_WARN_STRICT_PROTOTYPES = YES;
				CLANG_WARN_SUSPICIOUS_MOVE = YES;
				CLANG_WARN_UNGUARDED_AVAILABILITY = YES_AGGRESSIVE;
				CLANG_WARN_UNREACHABLE_CODE = YES;
				CLANG_WARN__DUPLICATE_METHOD_MATCH = YES;
				CODE_SIGN_IDENTITY = "iPhone Developer";
				COPY_PHASE_STRIP = NO;
				DEBUG_INFORMATION_FORMAT = dwarf;
				ENABLE_STRICT_OBJC_MSGSEND = YES;
				ENABLE_TESTABILITY = YES;
				GCC_C_LANGUAGE_STANDARD = gnu11;
				GCC_DYNAMIC_NO_PIC = NO;
				GCC_NO_COMMON_BLOCKS = YES;
				GCC_OPTIMIZATION_LEVEL = 0;
				GCC_PREPROCESSOR_DEFINITIONS = (
					"DEBUG=1",
					"$(inherited)",
				);
				GCC_WARN_64_TO_32_BIT_CONVERSION = YES;
				GCC_WARN_ABOUT_RETURN_TYPE = YES_ERROR;
				GCC_WARN_UNDECLARED_SELECTOR = YES;
				GCC_WARN_UNINITIALIZED_AUTOS = YES_AGGRESSIVE;
				GCC_WARN_UNUSED_FUNCTION = YES;
				GCC_WARN_UNUSED_VARIABLE = YES;
				IPHONEOS_DEPLOYMENT_TARGET = 11.0;
				MTL_ENABLE_DEBUG_INFO = YES;
				ONLY_ACTIVE_ARCH = YES;
				SDKROOT = iphoneos;
				SWIFT_ACTIVE_COMPILATION_CONDITIONS = DEBUG;
				SWIFT_OPTIMIZATION_LEVEL = "-Onone";
			};
			name = Debug;
		};
		013BD2812119BC8700554086 /* Release */ = {
			isa = XCBuildConfiguration;
			buildSettings = {
				ALWAYS_SEARCH_USER_PATHS = NO;
				CLANG_ANALYZER_NONNULL = YES;
				CLANG_ANALYZER_NUMBER_OBJECT_CONVERSION = YES_AGGRESSIVE;
				CLANG_CXX_LANGUAGE_STANDARD = "gnu++14";
				CLANG_CXX_LIBRARY = "libc++";
				CLANG_ENABLE_MODULES = YES;
				CLANG_ENABLE_OBJC_ARC = YES;
				CLANG_ENABLE_OBJC_WEAK = YES;
				CLANG_WARN_BLOCK_CAPTURE_AUTORELEASING = YES;
				CLANG_WARN_BOOL_CONVERSION = YES;
				CLANG_WARN_COMMA = YES;
				CLANG_WARN_CONSTANT_CONVERSION = YES;
				CLANG_WARN_DEPRECATED_OBJC_IMPLEMENTATIONS = YES;
				CLANG_WARN_DIRECT_OBJC_ISA_USAGE = YES_ERROR;
				CLANG_WARN_DOCUMENTATION_COMMENTS = YES;
				CLANG_WARN_EMPTY_BODY = YES;
				CLANG_WARN_ENUM_CONVERSION = YES;
				CLANG_WARN_INFINITE_RECURSION = YES;
				CLANG_WARN_INT_CONVERSION = YES;
				CLANG_WARN_NON_LITERAL_NULL_CONVERSION = YES;
				CLANG_WARN_OBJC_IMPLICIT_RETAIN_SELF = YES;
				CLANG_WARN_OBJC_LITERAL_CONVERSION = YES;
				CLANG_WARN_OBJC_ROOT_CLASS = YES_ERROR;
				CLANG_WARN_RANGE_LOOP_ANALYSIS = YES;
				CLANG_WARN_STRICT_PROTOTYPES = YES;
				CLANG_WARN_SUSPICIOUS_MOVE = YES;
				CLANG_WARN_UNGUARDED_AVAILABILITY = YES_AGGRESSIVE;
				CLANG_WARN_UNREACHABLE_CODE = YES;
				CLANG_WARN__DUPLICATE_METHOD_MATCH = YES;
				CODE_SIGN_IDENTITY = "iPhone Developer";
				COPY_PHASE_STRIP = NO;
				DEBUG_INFORMATION_FORMAT = "dwarf-with-dsym";
				ENABLE_NS_ASSERTIONS = NO;
				ENABLE_STRICT_OBJC_MSGSEND = YES;
				GCC_C_LANGUAGE_STANDARD = gnu11;
				GCC_NO_COMMON_BLOCKS = YES;
				GCC_WARN_64_TO_32_BIT_CONVERSION = YES;
				GCC_WARN_ABOUT_RETURN_TYPE = YES_ERROR;
				GCC_WARN_UNDECLARED_SELECTOR = YES;
				GCC_WARN_UNINITIALIZED_AUTOS = YES_AGGRESSIVE;
				GCC_WARN_UNUSED_FUNCTION = YES;
				GCC_WARN_UNUSED_VARIABLE = YES;
				IPHONEOS_DEPLOYMENT_TARGET = 11.0;
				MTL_ENABLE_DEBUG_INFO = NO;
				SDKROOT = iphoneos;
				SWIFT_COMPILATION_MODE = wholemodule;
				SWIFT_OPTIMIZATION_LEVEL = "-O";
				VALIDATE_PRODUCT = YES;
			};
			name = Release;
		};
		013BD2832119BC8700554086 /* Debug */ = {
			isa = XCBuildConfiguration;
			baseConfigurationReference = ECCF67792DA5DF6D22A47050 /* Pods-KatechismusKatolickeCirkve.debug.xcconfig */;
			buildSettings = {
				ASSETCATALOG_COMPILER_APPICON_NAME = AppIcon;
				CODE_SIGN_IDENTITY = "iPhone Developer";
				CODE_SIGN_STYLE = Automatic;
				DEVELOPMENT_TEAM = 32253C46P7;
				INFOPLIST_FILE = KatechismusKatolickeCirkve/Info.plist;
				IPHONEOS_DEPLOYMENT_TARGET = 11.0;
				LD_RUNPATH_SEARCH_PATHS = (
					"$(inherited)",
					"@executable_path/Frameworks",
				);
				PRODUCT_BUNDLE_IDENTIFIER = org.phracek.KatechismusKatolickeCirkve;
				PRODUCT_NAME = "$(TARGET_NAME)";
				PROVISIONING_PROFILE_SPECIFIER = "";
				SWIFT_VERSION = 4.0;
				TARGETED_DEVICE_FAMILY = "1,2";
			};
			name = Debug;
		};
		013BD2842119BC8700554086 /* Release */ = {
			isa = XCBuildConfiguration;
			baseConfigurationReference = F84647BA4C8225E88A61E912 /* Pods-KatechismusKatolickeCirkve.release.xcconfig */;
			buildSettings = {
				ASSETCATALOG_COMPILER_APPICON_NAME = AppIcon;
				CODE_SIGN_IDENTITY = "iPhone Developer";
				CODE_SIGN_STYLE = Automatic;
				DEVELOPMENT_TEAM = 32253C46P7;
				INFOPLIST_FILE = KatechismusKatolickeCirkve/Info.plist;
				IPHONEOS_DEPLOYMENT_TARGET = 11.0;
				LD_RUNPATH_SEARCH_PATHS = (
					"$(inherited)",
					"@executable_path/Frameworks",
				);
				PRODUCT_BUNDLE_IDENTIFIER = org.phracek.KatechismusKatolickeCirkve;
				PRODUCT_NAME = "$(TARGET_NAME)";
				PROVISIONING_PROFILE_SPECIFIER = "";
				SWIFT_VERSION = 4.0;
				TARGETED_DEVICE_FAMILY = "1,2";
			};
			name = Release;
		};
		013BD2862119BC8700554086 /* Debug */ = {
			isa = XCBuildConfiguration;
			buildSettings = {
				ALWAYS_EMBED_SWIFT_STANDARD_LIBRARIES = YES;
				BUNDLE_LOADER = "$(TEST_HOST)";
				CODE_SIGN_STYLE = Automatic;
				INFOPLIST_FILE = KatechismusKatolickeCirkveTests/Info.plist;
				LD_RUNPATH_SEARCH_PATHS = (
					"$(inherited)",
					"@executable_path/Frameworks",
					"@loader_path/Frameworks",
				);
				PRODUCT_BUNDLE_IDENTIFIER = org.phracek.KatechismusKatolickeCirkveTests;
				PRODUCT_NAME = "$(TARGET_NAME)";
				SWIFT_VERSION = 4.0;
				TARGETED_DEVICE_FAMILY = "1,2";
				TEST_HOST = "$(BUILT_PRODUCTS_DIR)/KatechismusKatolickeCirkve.app/KatechismusKatolickeCirkve";
			};
			name = Debug;
		};
		013BD2872119BC8700554086 /* Release */ = {
			isa = XCBuildConfiguration;
			buildSettings = {
				ALWAYS_EMBED_SWIFT_STANDARD_LIBRARIES = YES;
				BUNDLE_LOADER = "$(TEST_HOST)";
				CODE_SIGN_STYLE = Automatic;
				INFOPLIST_FILE = KatechismusKatolickeCirkveTests/Info.plist;
				LD_RUNPATH_SEARCH_PATHS = (
					"$(inherited)",
					"@executable_path/Frameworks",
					"@loader_path/Frameworks",
				);
				PRODUCT_BUNDLE_IDENTIFIER = org.phracek.KatechismusKatolickeCirkveTests;
				PRODUCT_NAME = "$(TARGET_NAME)";
				SWIFT_VERSION = 4.0;
				TARGETED_DEVICE_FAMILY = "1,2";
				TEST_HOST = "$(BUILT_PRODUCTS_DIR)/KatechismusKatolickeCirkve.app/KatechismusKatolickeCirkve";
			};
			name = Release;
		};
/* End XCBuildConfiguration section */

/* Begin XCConfigurationList section */
		013BD2602119BC8600554086 /* Build configuration list for PBXProject "KatechismusKatolickeCirkve" */ = {
			isa = XCConfigurationList;
			buildConfigurations = (
				013BD2802119BC8700554086 /* Debug */,
				013BD2812119BC8700554086 /* Release */,
			);
			defaultConfigurationIsVisible = 0;
			defaultConfigurationName = Release;
		};
		013BD2822119BC8700554086 /* Build configuration list for PBXNativeTarget "KatechismusKatolickeCirkve" */ = {
			isa = XCConfigurationList;
			buildConfigurations = (
				013BD2832119BC8700554086 /* Debug */,
				013BD2842119BC8700554086 /* Release */,
			);
			defaultConfigurationIsVisible = 0;
			defaultConfigurationName = Release;
		};
		013BD2852119BC8700554086 /* Build configuration list for PBXNativeTarget "KatechismusKatolickeCirkveTests" */ = {
			isa = XCConfigurationList;
			buildConfigurations = (
				013BD2862119BC8700554086 /* Debug */,
				013BD2872119BC8700554086 /* Release */,
			);
			defaultConfigurationIsVisible = 0;
			defaultConfigurationName = Release;
		};
/* End XCConfigurationList section */
	};
	rootObject = 013BD25D2119BC8600554086 /* Project object */;
}
